// !$*UTF8*$!
{
	archiveVersion = 1;
	classes = {
	};
	objectVersion = 46;
	objects = {

/* Begin PBXBuildFile section */
		FD04B4251943FA9700BD9897 /* AppDelegate.swift in Sources */ = {isa = PBXBuildFile; fileRef = FD04B4241943FA9700BD9897 /* AppDelegate.swift */; };
		FD04B4271943FA9700BD9897 /* ViewController.swift in Sources */ = {isa = PBXBuildFile; fileRef = FD04B4261943FA9700BD9897 /* ViewController.swift */; };
		FD04B42A1943FA9700BD9897 /* Main.storyboard in Resources */ = {isa = PBXBuildFile; fileRef = FD04B4281943FA9700BD9897 /* Main.storyboard */; };
		FD04B42C1943FA9700BD9897 /* Images.xcassets in Resources */ = {isa = PBXBuildFile; fileRef = FD04B42B1943FA9700BD9897 /* Images.xcassets */; };
		FD04B4381943FA9700BD9897 /* TableViewTests.swift in Sources */ = {isa = PBXBuildFile; fileRef = FD04B4371943FA9700BD9897 /* TableViewTests.swift */; };
/* End PBXBuildFile section */

/* Begin PBXContainerItemProxy section */
		FD04B4321943FA9700BD9897 /* PBXContainerItemProxy */ = {
			isa = PBXContainerItemProxy;
			containerPortal = FD04B4171943FA9700BD9897 /* Project object */;
			proxyType = 1;
			remoteGlobalIDString = FD04B41E1943FA9700BD9897;
			remoteInfo = TableView;
		};
/* End PBXContainerItemProxy section */

/* Begin PBXFileReference section */
		FD04B41F1943FA9700BD9897 /* TableView.app */ = {isa = PBXFileReference; explicitFileType = wrapper.application; includeInIndex = 0; path = TableView.app; sourceTree = BUILT_PRODUCTS_DIR; };
		FD04B4231943FA9700BD9897 /* Info.plist */ = {isa = PBXFileReference; lastKnownFileType = text.plist.xml; path = Info.plist; sourceTree = "<group>"; };
		FD04B4241943FA9700BD9897 /* AppDelegate.swift */ = {isa = PBXFileReference; lastKnownFileType = sourcecode.swift; path = AppDelegate.swift; sourceTree = "<group>"; };
		FD04B4261943FA9700BD9897 /* ViewController.swift */ = {isa = PBXFileReference; lastKnownFileType = sourcecode.swift; path = ViewController.swift; sourceTree = "<group>"; };
		FD04B4291943FA9700BD9897 /* Base */ = {isa = PBXFileReference; lastKnownFileType = file.storyboard; name = Base; path = Base.lproj/Main.storyboard; sourceTree = "<group>"; };
		FD04B42B1943FA9700BD9897 /* Images.xcassets */ = {isa = PBXFileReference; lastKnownFileType = folder.assetcatalog; path = Images.xcassets; sourceTree = "<group>"; };
		FD04B4311943FA9700BD9897 /* TableViewTests.xctest */ = {isa = PBXFileReference; explicitFileType = wrapper.cfbundle; includeInIndex = 0; path = TableViewTests.xctest; sourceTree = BUILT_PRODUCTS_DIR; };
		FD04B4361943FA9700BD9897 /* Info.plist */ = {isa = PBXFileReference; lastKnownFileType = text.plist.xml; path = Info.plist; sourceTree = "<group>"; };
		FD04B4371943FA9700BD9897 /* TableViewTests.swift */ = {isa = PBXFileReference; lastKnownFileType = sourcecode.swift; path = TableViewTests.swift; sourceTree = "<group>"; };
/* End PBXFileReference section */

/* Begin PBXFrameworksBuildPhase section */
		FD04B41C1943FA9700BD9897 /* Frameworks */ = {
			isa = PBXFrameworksBuildPhase;
			buildActionMask = 2147483647;
			files = (
			);
			runOnlyForDeploymentPostprocessing = 0;
		};
		FD04B42E1943FA9700BD9897 /* Frameworks */ = {
			isa = PBXFrameworksBuildPhase;
			buildActionMask = 2147483647;
			files = (
			);
			runOnlyForDeploymentPostprocessing = 0;
		};
/* End PBXFrameworksBuildPhase section */

/* Begin PBXGroup section */
		FD04B4161943FA9700BD9897 = {
			isa = PBXGroup;
			children = (
				FD04B4211943FA9700BD9897 /* TableView */,
				FD04B4341943FA9700BD9897 /* TableViewTests */,
				FD04B4201943FA9700BD9897 /* Products */,
			);
			sourceTree = "<group>";
		};
		FD04B4201943FA9700BD9897 /* Products */ = {
			isa = PBXGroup;
			children = (
				FD04B41F1943FA9700BD9897 /* TableView.app */,
				FD04B4311943FA9700BD9897 /* TableViewTests.xctest */,
			);
			name = Products;
			sourceTree = "<group>";
		};
		FD04B4211943FA9700BD9897 /* TableView */ = {
			isa = PBXGroup;
			children = (
				FD04B4241943FA9700BD9897 /* AppDelegate.swift */,
				FD04B4261943FA9700BD9897 /* ViewController.swift */,
				FD04B4281943FA9700BD9897 /* Main.storyboard */,
				FD04B42B1943FA9700BD9897 /* Images.xcassets */,
				FD04B4221943FA9700BD9897 /* Supporting Files */,
			);
			path = TableView;
			sourceTree = "<group>";
		};
		FD04B4221943FA9700BD9897 /* Supporting Files */ = {
			isa = PBXGroup;
			children = (
				FD04B4231943FA9700BD9897 /* Info.plist */,
			);
			name = "Supporting Files";
			sourceTree = "<group>";
		};
		FD04B4341943FA9700BD9897 /* TableViewTests */ = {
			isa = PBXGroup;
			children = (
				FD04B4371943FA9700BD9897 /* TableViewTests.swift */,
				FD04B4351943FA9700BD9897 /* Supporting Files */,
			);
			path = TableViewTests;
			sourceTree = "<group>";
		};
		FD04B4351943FA9700BD9897 /* Supporting Files */ = {
			isa = PBXGroup;
			children = (
				FD04B4361943FA9700BD9897 /* Info.plist */,
			);
			name = "Supporting Files";
			sourceTree = "<group>";
		};
/* End PBXGroup section */

/* Begin PBXNativeTarget section */
		FD04B41E1943FA9700BD9897 /* TableView */ = {
			isa = PBXNativeTarget;
			buildConfigurationList = FD04B43B1943FA9700BD9897 /* Build configuration list for PBXNativeTarget "TableView" */;
			buildPhases = (
				FD04B41B1943FA9700BD9897 /* Sources */,
				FD04B41C1943FA9700BD9897 /* Frameworks */,
				FD04B41D1943FA9700BD9897 /* Resources */,
			);
			buildRules = (
			);
			dependencies = (
			);
			name = TableView;
			productName = TableView;
			productReference = FD04B41F1943FA9700BD9897 /* TableView.app */;
			productType = "com.apple.product-type.application";
		};
		FD04B4301943FA9700BD9897 /* TableViewTests */ = {
			isa = PBXNativeTarget;
			buildConfigurationList = FD04B43E1943FA9700BD9897 /* Build configuration list for PBXNativeTarget "TableViewTests" */;
			buildPhases = (
				FD04B42D1943FA9700BD9897 /* Sources */,
				FD04B42E1943FA9700BD9897 /* Frameworks */,
				FD04B42F1943FA9700BD9897 /* Resources */,
			);
			buildRules = (
			);
			dependencies = (
				FD04B4331943FA9700BD9897 /* PBXTargetDependency */,
			);
			name = TableViewTests;
			productName = TableViewTests;
			productReference = FD04B4311943FA9700BD9897 /* TableViewTests.xctest */;
			productType = "com.apple.product-type.bundle.unit-test";
		};
/* End PBXNativeTarget section */

/* Begin PBXProject section */
		FD04B4171943FA9700BD9897 /* Project object */ = {
			isa = PBXProject;
			attributes = {
				LastUpgradeCheck = 0600;
				ORGANIZATIONNAME = "Mulhall, Alan";
				TargetAttributes = {
					FD04B41E1943FA9700BD9897 = {
						CreatedOnToolsVersion = 6.0;
					};
					FD04B4301943FA9700BD9897 = {
						CreatedOnToolsVersion = 6.0;
						TestTargetID = FD04B41E1943FA9700BD9897;
					};
				};
			};
			buildConfigurationList = FD04B41A1943FA9700BD9897 /* Build configuration list for PBXProject "TableView" */;
			compatibilityVersion = "Xcode 3.2";
			developmentRegion = English;
			hasScannedForEncodings = 0;
			knownRegions = (
				en,
				Base,
			);
			mainGroup = FD04B4161943FA9700BD9897;
			productRefGroup = FD04B4201943FA9700BD9897 /* Products */;
			projectDirPath = "";
			projectRoot = "";
			targets = (
				FD04B41E1943FA9700BD9897 /* TableView */,
				FD04B4301943FA9700BD9897 /* TableViewTests */,
			);
		};
/* End PBXProject section */

/* Begin PBXResourcesBuildPhase section */
		FD04B41D1943FA9700BD9897 /* Resources */ = {
			isa = PBXResourcesBuildPhase;
			buildActionMask = 2147483647;
			files = (
				FD04B42A1943FA9700BD9897 /* Main.storyboard in Resources */,
				FD04B42C1943FA9700BD9897 /* Images.xcassets in Resources */,
			);
			runOnlyForDeploymentPostprocessing = 0;
		};
		FD04B42F1943FA9700BD9897 /* Resources */ = {
			isa = PBXResourcesBuildPhase;
			buildActionMask = 2147483647;
			files = (
			);
			runOnlyForDeploymentPostprocessing = 0;
		};
/* End PBXResourcesBuildPhase section */

/* Begin PBXSourcesBuildPhase section */
		FD04B41B1943FA9700BD9897 /* Sources */ = {
			isa = PBXSourcesBuildPhase;
			buildActionMask = 2147483647;
			files = (
				FD04B4271943FA9700BD9897 /* ViewController.swift in Sources */,
				FD04B4251943FA9700BD9897 /* AppDelegate.swift in Sources */,
			);
			runOnlyForDeploymentPostprocessing = 0;
		};
		FD04B42D1943FA9700BD9897 /* Sources */ = {
			isa = PBXSourcesBuildPhase;
			buildActionMask = 2147483647;
			files = (
				FD04B4381943FA9700BD9897 /* TableViewTests.swift in Sources */,
			);
			runOnlyForDeploymentPostprocessing = 0;
		};
/* End PBXSourcesBuildPhase section */

/* Begin PBXTargetDependency section */
		FD04B4331943FA9700BD9897 /* PBXTargetDependency */ = {
			isa = PBXTargetDependency;
			target = FD04B41E1943FA9700BD9897 /* TableView */;
			targetProxy = FD04B4321943FA9700BD9897 /* PBXContainerItemProxy */;
		};
/* End PBXTargetDependency section */

/* Begin PBXVariantGroup section */
		FD04B4281943FA9700BD9897 /* Main.storyboard */ = {
			isa = PBXVariantGroup;
			children = (
				FD04B4291943FA9700BD9897 /* Base */,
			);
			name = Main.storyboard;
			sourceTree = "<group>";
		};
/* End PBXVariantGroup section */

/* Begin XCBuildConfiguration section */
		FD04B4391943FA9700BD9897 /* Debug */ = {
			isa = XCBuildConfiguration;
			buildSettings = {
				ALWAYS_SEARCH_USER_PATHS = NO;
				CLANG_CXX_LANGUAGE_STANDARD = "gnu++0x";
				CLANG_CXX_LIBRARY = "libc++";
				CLANG_ENABLE_MODULES = YES;
				CLANG_ENABLE_OBJC_ARC = YES;
				CLANG_WARN_BOOL_CONVERSION = YES;
				CLANG_WARN_CONSTANT_CONVERSION = YES;
				CLANG_WARN_DIRECT_OBJC_ISA_USAGE = YES_ERROR;
				CLANG_WARN_EMPTY_BODY = YES;
				CLANG_WARN_ENUM_CONVERSION = YES;
				CLANG_WARN_INT_CONVERSION = YES;
				CLANG_WARN_OBJC_ROOT_CLASS = YES_ERROR;
				CLANG_WARN_UNREACHABLE_CODE = YES;
				CLANG_WARN__DUPLICATE_METHOD_MATCH = YES;
				"CODE_SIGN_IDENTITY[sdk=iphoneos*]" = "iPhone Developer";
				COPY_PHASE_STRIP = NO;
				ENABLE_STRICT_OBJC_MSGSEND = YES;
				GCC_C_LANGUAGE_STANDARD = gnu99;
				GCC_DYNAMIC_NO_PIC = NO;
				GCC_OPTIMIZATION_LEVEL = 0;
				GCC_PREPROCESSOR_DEFINITIONS = (
					"DEBUG=1",
					"$(inherited)",
				);
				GCC_SYMBOLS_PRIVATE_EXTERN = NO;
				GCC_WARN_64_TO_32_BIT_CONVERSION = YES;
				GCC_WARN_ABOUT_RETURN_TYPE = YES_ERROR;
				GCC_WARN_UNDECLARED_SELECTOR = YES;
				GCC_WARN_UNINITIALIZED_AUTOS = YES_AGGRESSIVE;
				GCC_WARN_UNUSED_FUNCTION = YES;
				GCC_WARN_UNUSED_VARIABLE = YES;
				IPHONEOS_DEPLOYMENT_TARGET = 8.0;
				METAL_ENABLE_DEBUG_INFO = YES;
				ONLY_ACTIVE_ARCH = YES;
				SDKROOT = iphoneos;
				SWIFT_OPTIMIZATION_LEVEL = "-Onone";
				TARGETED_DEVICE_FAMILY = "1,2";
			};
			name = Debug;
		};
		FD04B43A1943FA9700BD9897 /* Release */ = {
			isa = XCBuildConfiguration;
			buildSettings = {
				ALWAYS_SEARCH_USER_PATHS = NO;
				CLANG_CXX_LANGUAGE_STANDARD = "gnu++0x";
				CLANG_CXX_LIBRARY = "libc++";
				CLANG_ENABLE_MODULES = YES;
				CLANG_ENABLE_OBJC_ARC = YES;
				CLANG_WARN_BOOL_CONVERSION = YES;
				CLANG_WARN_CONSTANT_CONVERSION = YES;
				CLANG_WARN_DIRECT_OBJC_ISA_USAGE = YES_ERROR;
				CLANG_WARN_EMPTY_BODY = YES;
				CLANG_WARN_ENUM_CONVERSION = YES;
				CLANG_WARN_INT_CONVERSION = YES;
				CLANG_WARN_OBJC_ROOT_CLASS = YES_ERROR;
				CLANG_WARN_UNREACHABLE_CODE = YES;
				CLANG_WARN__DUPLICATE_METHOD_MATCH = YES;
				"CODE_SIGN_IDENTITY[sdk=iphoneos*]" = "iPhone Developer";
				COPY_PHASE_STRIP = YES;
				ENABLE_NS_ASSERTIONS = NO;
				ENABLE_STRICT_OBJC_MSGSEND = YES;
				GCC_C_LANGUAGE_STANDARD = gnu99;
				GCC_WARN_64_TO_32_BIT_CONVERSION = YES;
				GCC_WARN_ABOUT_RETURN_TYPE = YES_ERROR;
				GCC_WARN_UNDECLARED_SELECTOR = YES;
				GCC_WARN_UNINITIALIZED_AUTOS = YES_AGGRESSIVE;
				GCC_WARN_UNUSED_FUNCTION = YES;
				GCC_WARN_UNUSED_VARIABLE = YES;
				IPHONEOS_DEPLOYMENT_TARGET = 8.0;
				METAL_ENABLE_DEBUG_INFO = NO;
				SDKROOT = iphoneos;
				TARGETED_DEVICE_FAMILY = "1,2";
				VALIDATE_PRODUCT = YES;
			};
			name = Release;
		};
		FD04B43C1943FA9700BD9897 /* Debug */ = {
			isa = XCBuildConfiguration;
			buildSettings = {
				ASSETCATALOG_COMPILER_APPICON_NAME = AppIcon;
				ASSETCATALOG_COMPILER_LAUNCHIMAGE_NAME = LaunchImage;
				INFOPLIST_FILE = TableView/Info.plist;
				LD_RUNPATH_SEARCH_PATHS = "$(inherited) @executable_path/Frameworks";
				PRODUCT_NAME = "$(TARGET_NAME)";
			};
			name = Debug;
		};
		FD04B43D1943FA9700BD9897 /* Release */ = {
			isa = XCBuildConfiguration;
			buildSettings = {
				ASSETCATALOG_COMPILER_APPICON_NAME = AppIcon;
				ASSETCATALOG_COMPILER_LAUNCHIMAGE_NAME = LaunchImage;
				INFOPLIST_FILE = TableView/Info.plist;
				LD_RUNPATH_SEARCH_PATHS = "$(inherited) @executable_path/Frameworks";
				PRODUCT_NAME = "$(TARGET_NAME)";
			};
			name = Release;
		};
		FD04B43F1943FA9700BD9897 /* Debug */ = {
			isa = XCBuildConfiguration;
			buildSettings = {
				BUNDLE_LOADER = "$(BUILT_PRODUCTS_DIR)/TableView.app/TableView";
				FRAMEWORK_SEARCH_PATHS = (
					"$(SDKROOT)/Developer/Library/Frameworks",
					"$(inherited)",
				);
				GCC_PREPROCESSOR_DEFINITIONS = (
					"DEBUG=1",
					"$(inherited)",
				);
				INFOPLIST_FILE = TableViewTests/Info.plist;
				LD_RUNPATH_SEARCH_PATHS = "$(inherited) @executable_path/Frameworks @loader_path/Frameworks";
				METAL_ENABLE_DEBUG_INFO = YES;
				PRODUCT_NAME = "$(TARGET_NAME)";
				TEST_HOST = "$(BUNDLE_LOADER)";
			};
			name = Debug;
		};
		FD04B4401943FA9700BD9897 /* Release */ = {
			isa = XCBuildConfiguration;
			buildSettings = {
				BUNDLE_LOADER = "$(BUILT_PRODUCTS_DIR)/TableView.app/TableView";
				FRAMEWORK_SEARCH_PATHS = (
					"$(SDKROOT)/Developer/Library/Frameworks",
					"$(inherited)",
				);
				INFOPLIST_FILE = TableViewTests/Info.plist;
				LD_RUNPATH_SEARCH_PATHS = "$(inherited) @executable_path/Frameworks @loader_path/Frameworks";
				METAL_ENABLE_DEBUG_INFO = NO;
				PRODUCT_NAME = "$(TARGET_NAME)";
				TEST_HOST = "$(BUNDLE_LOADER)";
			};
			name = Release;
		};
/* End XCBuildConfiguration section */

/* Begin XCConfigurationList section */
		FD04B41A1943FA9700BD9897 /* Build configuration list for PBXProject "TableView" */ = {
			isa = XCConfigurationList;
			buildConfigurations = (
				FD04B4391943FA9700BD9897 /* Debug */,
				FD04B43A1943FA9700BD9897 /* Release */,
			);
			defaultConfigurationIsVisible = 0;
			defaultConfigurationName = Release;
		};
		FD04B43B1943FA9700BD9897 /* Build configuration list for PBXNativeTarget "TableView" */ = {
			isa = XCConfigurationList;
			buildConfigurations = (
				FD04B43C1943FA9700BD9897 /* Debug */,
				FD04B43D1943FA9700BD9897 /* Release */,
			);
			defaultConfigurationIsVisible = 0;
		};
		FD04B43E1943FA9700BD9897 /* Build configuration list for PBXNativeTarget "TableViewTests" */ = {
			isa = XCConfigurationList;
			buildConfigurations = (
				FD04B43F1943FA9700BD9897 /* Debug */,
				FD04B4401943FA9700BD9897 /* Release */,
			);
			defaultConfigurationIsVisible = 0;
		};
/* End XCConfigurationList section */
	};
	rootObject = FD04B4171943FA9700BD9897 /* Project object */;
}
